
Microsoft Visual Studio Solution File, Format Version 12.00
# Visual Studio Version 16
VisualStudioVersion = 16.0.31613.86
MinimumVisualStudioVersion = 10.0.40219.1
Project("{FAE04EC0-301F-11D3-BF4B-00C04F79EFBC}") = "SalesWebMvc", "SalesWebMvc\SalesWebMvc.csproj", "{8175B464-6DEE-4845-AEFF-7A737A6E371F}"
EndProject
Global
	GlobalSection(SolutionConfigurationPlatforms) = preSolution
		Debug|Any CPU = Debug|Any CPU
		Release|Any CPU = Release|Any CPU
	EndGlobalSection
	GlobalSection(ProjectConfigurationPlatforms) = postSolution
		{8175B464-6DEE-4845-AEFF-7A737A6E371F}.Debug|Any CPU.ActiveCfg = Debug|Any CPU
		{8175B464-6DEE-4845-AEFF-7A737A6E371F}.Debug|Any CPU.Build.0 = Debug|Any CPU
		{8175B464-6DEE-4845-AEFF-7A737A6E371F}.Release|Any CPU.ActiveCfg = Release|Any CPU
		{8175B464-6DEE-4845-AEFF-7A737A6E371F}.Release|Any CPU.Build.0 = Release|Any CPU
	EndGlobalSection
	GlobalSection(SolutionProperties) = preSolution
		HideSolutionNode = FALSE
	EndGlobalSection
	GlobalSection(ExtensibilityGlobals) = postSolution
		SolutionGuid = {09DFC4F9-CAA4-4421-A19F-1AEB594CED4E}
	EndGlobalSection
EndGlobal
